PODS:
  - MCSwipeTableViewCell (2.1.4)
  - Realm (2.7.0):
    - Realm/Headers (= 2.7.0)
  - Realm/Headers (2.7.0)
  - RealmSwift (2.7.0):
    - Realm (= 2.7.0)

DEPENDENCIES:
  - MCSwipeTableViewCell (~> 2.1.4)
  - RealmSwift

SPEC CHECKSUMS:
  MCSwipeTableViewCell: 1b303e16c3a26b1982f3a68386e9b8c5fc8344c3
  Realm: 07e5d3a9e0e41d65fd5f9f05150ed6295d0f093b
  RealmSwift: 6d06425d3900c86473c4f323bf6949b43fca22bc

PODFILE CHECKSUM: 1b8bf0f75f1b6d74007cbe68c9e386c782631dd2

COCOAPODS: 1.2.1
